
Microsoft Visual Studio Solution File, Format Version 12.00
# Visual Studio Version 17
VisualStudioVersion = 17.14.36804.6 d17.14
MinimumVisualStudioVersion = 10.0.40219.1
Project("{888888A0-9F3D-457C-B088-3A5042F75D52}") = "ShootingGameProject", "ShootingGameProject\ShootingGameProject.pyproj", "{2EAAC260-BFBC-4A85-98BD-66AB8FAAEE22}"
EndProject
Global
	GlobalSection(SolutionConfigurationPlatforms) = preSolution
		Debug|Any CPU = Debug|Any CPU
		Release|Any CPU = Release|Any CPU
	EndGlobalSection
	GlobalSection(ProjectConfigurationPlatforms) = postSolution
		{2EAAC260-BFBC-4A85-98BD-66AB8FAAEE22}.Debug|Any CPU.ActiveCfg = Debug|Any CPU
		{2EAAC260-BFBC-4A85-98BD-66AB8FAAEE22}.Release|Any CPU.ActiveCfg = Release|Any CPU
	EndGlobalSection
	GlobalSection(SolutionProperties) = preSolution
		HideSolutionNode = FALSE
	EndGlobalSection
	GlobalSection(ExtensibilityGlobals) = postSolution
		SolutionGuid = {4BED3809-D07C-45A7-9677-90588FED3C58}
	EndGlobalSection
EndGlobal
